{
  "name": "Node",
  "lockfileVersion": 2,
  "requires": true,
  "packages": {
    "": {
      "dependencies": {
        "js-stats": "^1.0.5",
        "simple-statistics": "^7.7.6"
      }
    },
    "node_modules/js-stats": {
      "version": "1.0.5",
      "resolved": "https://registry.npmjs.org/js-stats/-/js-stats-1.0.5.tgz",
      "integrity": "sha512-r+zsQR29pW6Ye2jsX94A4uxz0LxGEUs6i5fV8GMoKJKH/J1FzhwYt5ICW1o5BIiCJAX+PPD1NQXlCQ3eqtaxrw==",
      "bin": {
        "js-stats": "src/jsstats.js"
      }
    },
    "node_modules/simple-statistics": {
      "version": "7.7.6",
      "resolved": "https://registry.npmjs.org/simple-statistics/-/simple-statistics-7.7.6.tgz",
      "integrity": "sha512-r1wIPpBsJ9/H2GdXiYfc06o7Rw4xvhtxwO/dMVSbcjmS3ayc43II1quxG7YD1wql2tr6a2Cm8aWKMnFkuNrj6A==",
      "engines": {
        "node": "*"
      }
    }
  },
  "dependencies": {
    "js-stats": {
      "version": "1.0.5",
      "resolved": "https://registry.npmjs.org/js-stats/-/js-stats-1.0.5.tgz",
      "integrity": "sha512-r+zsQR29pW6Ye2jsX94A4uxz0LxGEUs6i5fV8GMoKJKH/J1FzhwYt5ICW1o5BIiCJAX+PPD1NQXlCQ3eqtaxrw=="
    },
    "simple-statistics": {
      "version": "7.7.6",
      "resolved": "https://registry.npmjs.org/simple-statistics/-/simple-statistics-7.7.6.tgz",
      "integrity": "sha512-r1wIPpBsJ9/H2GdXiYfc06o7Rw4xvhtxwO/dMVSbcjmS3ayc43II1quxG7YD1wql2tr6a2Cm8aWKMnFkuNrj6A=="
    }
  }
}
